
Microsoft Visual Studio Solution File, Format Version 12.00
# Visual Studio 15
VisualStudioVersion = 15.0.26430.16
MinimumVisualStudioVersion = 10.0.40219.1
Project("{FAE04EC0-301F-11D3-BF4B-00C04F79EFBC}") = "KeyaLens.Android", "KeyaLens\KeyaLens.Android\KeyaLens.Android.csproj", "{AC7831EE-307D-4496-AE84-48558A0C6013}"
EndProject
Project("{FAE04EC0-301F-11D3-BF4B-00C04F79EFBC}") = "KeyaLens.iOS", "KeyaLens\KeyaLens.iOS\KeyaLens.iOS.csproj", "{20C4B582-5A2D-4C7E-BD88-DE84709890F2}"
EndProject
Project("{FAE04EC0-301F-11D3-BF4B-00C04F79EFBC}") = "KeyaLens.UWP", "KeyaLens\KeyaLens.UWP\KeyaLens.UWP.csproj", "{D4B5682B-3369-44D8-8063-C84C1AFC05E6}"
EndProject
Project("{FAE04EC0-301F-11D3-BF4B-00C04F79EFBC}") = "KeyaLens", "KeyaLens\KeyaLens\KeyaLens.csproj", "{90C80183-A6D6-4425-B64E-95590E47BA63}"
EndProject
Project("{2150E333-8FDC-42A3-9474-1A3956D46DE8}") = "Xamarin", "Xamarin", "{28E51AB4-F729-4CFF-9A07-99E8D1B9CEB9}"
EndProject
Project("{2150E333-8FDC-42A3-9474-1A3956D46DE8}") = "Azure", "Azure", "{04CC59B4-9203-48F6-BF86-A595587C8D7E}"
EndProject
Project("{FAE04EC0-301F-11D3-BF4B-00C04F79EFBC}") = "KeyaLens.MobileApps", "KeyaLens.MobileApps\KeyaLens.MobileApps.csproj", "{F58D75E4-BD66-4BF1-A1DE-2B1F8D21B46D}"
EndProject
Global
	GlobalSection(SolutionConfigurationPlatforms) = preSolution
		Debug|Any CPU = Debug|Any CPU
		Debug|ARM = Debug|ARM
		Debug|iPhone = Debug|iPhone
		Debug|iPhoneSimulator = Debug|iPhoneSimulator
		Debug|x64 = Debug|x64
		Debug|x86 = Debug|x86
		iOS Release|Any CPU = iOS Release|Any CPU
		iOS Release|ARM = iOS Release|ARM
		iOS Release|iPhone = iOS Release|iPhone
		iOS Release|iPhoneSimulator = iOS Release|iPhoneSimulator
		iOS Release|x64 = iOS Release|x64
		iOS Release|x86 = iOS Release|x86
		Release|Any CPU = Release|Any CPU
		Release|ARM = Release|ARM
		Release|iPhone = Release|iPhone
		Release|iPhoneSimulator = Release|iPhoneSimulator
		Release|x64 = Release|x64
		Release|x86 = Release|x86
	EndGlobalSection
	GlobalSection(ProjectConfigurationPlatforms) = postSolution
		{AC7831EE-307D-4496-AE84-48558A0C6013}.Debug|Any CPU.ActiveCfg = Debug|Any CPU
		{AC7831EE-307D-4496-AE84-48558A0C6013}.Debug|Any CPU.Build.0 = Debug|Any CPU
		{AC7831EE-307D-4496-AE84-48558A0C6013}.Debug|Any CPU.Deploy.0 = Debug|Any CPU
		{AC7831EE-307D-4496-AE84-48558A0C6013}.Debug|ARM.ActiveCfg = Debug|Any CPU
		{AC7831EE-307D-4496-AE84-48558A0C6013}.Debug|ARM.Build.0 = Debug|Any CPU
		{AC7831EE-307D-4496-AE84-48558A0C6013}.Debug|ARM.Deploy.0 = Debug|Any CPU
		{AC7831EE-307D-4496-AE84-48558A0C6013}.Debug|iPhone.ActiveCfg = Debug|Any CPU
		{AC7831EE-307D-4496-AE84-48558A0C6013}.Debug|iPhone.Build.0 = Debug|Any CPU
		{AC7831EE-307D-4496-AE84-48558A0C6013}.Debug|iPhone.Deploy.0 = Debug|Any CPU
		{AC7831EE-307D-4496-AE84-48558A0C6013}.Debug|iPhoneSimulator.ActiveCfg = Debug|Any CPU
		{AC7831EE-307D-4496-AE84-48558A0C6013}.Debug|iPhoneSimulator.Build.0 = Debug|Any CPU
		{AC7831EE-307D-4496-AE84-48558A0C6013}.Debug|iPhoneSimulator.Deploy.0 = Debug|Any CPU
		{AC7831EE-307D-4496-AE84-48558A0C6013}.Debug|x64.ActiveCfg = Debug|Any CPU
		{AC7831EE-307D-4496-AE84-48558A0C6013}.Debug|x64.Build.0 = Debug|Any CPU
		{AC7831EE-307D-4496-AE84-48558A0C6013}.Debug|x64.Deploy.0 = Debug|Any CPU
		{AC7831EE-307D-4496-AE84-48558A0C6013}.Debug|x86.ActiveCfg = Debug|Any CPU
		{AC7831EE-307D-4496-AE84-48558A0C6013}.Debug|x86.Build.0 = Debug|Any CPU
		{AC7831EE-307D-4496-AE84-48558A0C6013}.Debug|x86.Deploy.0 = Debug|Any CPU
		{AC7831EE-307D-4496-AE84-48558A0C6013}.iOS Release|Any CPU.ActiveCfg = iOS Release|Any CPU
		{AC7831EE-307D-4496-AE84-48558A0C6013}.iOS Release|Any CPU.Build.0 = iOS Release|Any CPU
		{AC7831EE-307D-4496-AE84-48558A0C6013}.iOS Release|Any CPU.Deploy.0 = iOS Release|Any CPU
		{AC7831EE-307D-4496-AE84-48558A0C6013}.iOS Release|ARM.ActiveCfg = iOS Release|Any CPU
		{AC7831EE-307D-4496-AE84-48558A0C6013}.iOS Release|ARM.Build.0 = iOS Release|Any CPU
		{AC7831EE-307D-4496-AE84-48558A0C6013}.iOS Release|ARM.Deploy.0 = iOS Release|Any CPU
		{AC7831EE-307D-4496-AE84-48558A0C6013}.iOS Release|iPhone.ActiveCfg = iOS Release|Any CPU
		{AC7831EE-307D-4496-AE84-48558A0C6013}.iOS Release|iPhone.Build.0 = iOS Release|Any CPU
		{AC7831EE-307D-4496-AE84-48558A0C6013}.iOS Release|iPhone.Deploy.0 = iOS Release|Any CPU
		{AC7831EE-307D-4496-AE84-48558A0C6013}.iOS Release|iPhoneSimulator.ActiveCfg = iOS Release|Any CPU
		{AC7831EE-307D-4496-AE84-48558A0C6013}.iOS Release|x64.ActiveCfg = iOS Release|Any CPU
		{AC7831EE-307D-4496-AE84-48558A0C6013}.iOS Release|x64.Build.0 = iOS Release|Any CPU
		{AC7831EE-307D-4496-AE84-48558A0C6013}.iOS Release|x64.Deploy.0 = iOS Release|Any CPU
		{AC7831EE-307D-4496-AE84-48558A0C6013}.iOS Release|x86.ActiveCfg = iOS Release|Any CPU
		{AC7831EE-307D-4496-AE84-48558A0C6013}.iOS Release|x86.Build.0 = iOS Release|Any CPU
		{AC7831EE-307D-4496-AE84-48558A0C6013}.iOS Release|x86.Deploy.0 = iOS Release|Any CPU
		{AC7831EE-307D-4496-AE84-48558A0C6013}.Release|Any CPU.ActiveCfg = Release|Any CPU
		{AC7831EE-307D-4496-AE84-48558A0C6013}.Release|Any CPU.Build.0 = Release|Any CPU
		{AC7831EE-307D-4496-AE84-48558A0C6013}.Release|Any CPU.Deploy.0 = Release|Any CPU
		{AC7831EE-307D-4496-AE84-48558A0C6013}.Release|ARM.ActiveCfg = Release|Any CPU
		{AC7831EE-307D-4496-AE84-48558A0C6013}.Release|ARM.Build.0 = Release|Any CPU
		{AC7831EE-307D-4496-AE84-48558A0C6013}.Release|ARM.Deploy.0 = Release|Any CPU
		{AC7831EE-307D-4496-AE84-48558A0C6013}.Release|iPhone.ActiveCfg = Release|Any CPU
		{AC7831EE-307D-4496-AE84-48558A0C6013}.Release|iPhone.Build.0 = Release|Any CPU
		{AC7831EE-307D-4496-AE84-48558A0C6013}.Release|iPhone.Deploy.0 = Release|Any CPU
		{AC7831EE-307D-4496-AE84-48558A0C6013}.Release|iPhoneSimulator.ActiveCfg = Release|Any CPU
		{AC7831EE-307D-4496-AE84-48558A0C6013}.Release|iPhoneSimulator.Build.0 = Release|Any CPU
		{AC7831EE-307D-4496-AE84-48558A0C6013}.Release|iPhoneSimulator.Deploy.0 = Release|Any CPU
		{AC7831EE-307D-4496-AE84-48558A0C6013}.Release|x64.ActiveCfg = Release|Any CPU
		{AC7831EE-307D-4496-AE84-48558A0C6013}.Release|x64.Build.0 = Release|Any CPU
		{AC7831EE-307D-4496-AE84-48558A0C6013}.Release|x64.Deploy.0 = Release|Any CPU
		{AC7831EE-307D-4496-AE84-48558A0C6013}.Release|x86.ActiveCfg = Release|Any CPU
		{AC7831EE-307D-4496-AE84-48558A0C6013}.Release|x86.Build.0 = Release|Any CPU
		{AC7831EE-307D-4496-AE84-48558A0C6013}.Release|x86.Deploy.0 = Release|Any CPU
		{20C4B582-5A2D-4C7E-BD88-DE84709890F2}.Debug|Any CPU.ActiveCfg = Debug|iPhone
		{20C4B582-5A2D-4C7E-BD88-DE84709890F2}.Debug|ARM.ActiveCfg = Debug|iPhone
		{20C4B582-5A2D-4C7E-BD88-DE84709890F2}.Debug|iPhone.ActiveCfg = Debug|iPhone
		{20C4B582-5A2D-4C7E-BD88-DE84709890F2}.Debug|iPhone.Build.0 = Debug|iPhone
		{20C4B582-5A2D-4C7E-BD88-DE84709890F2}.Debug|iPhoneSimulator.ActiveCfg = iOS Release|iPhoneSimulator
		{20C4B582-5A2D-4C7E-BD88-DE84709890F2}.Debug|iPhoneSimulator.Build.0 = iOS Release|iPhoneSimulator
		{20C4B582-5A2D-4C7E-BD88-DE84709890F2}.Debug|x64.ActiveCfg = Debug|iPhone
		{20C4B582-5A2D-4C7E-BD88-DE84709890F2}.Debug|x86.ActiveCfg = Debug|iPhone
		{20C4B582-5A2D-4C7E-BD88-DE84709890F2}.iOS Release|Any CPU.ActiveCfg = iOS Release|iPhone
		{20C4B582-5A2D-4C7E-BD88-DE84709890F2}.iOS Release|ARM.ActiveCfg = iOS Release|iPhone
		{20C4B582-5A2D-4C7E-BD88-DE84709890F2}.iOS Release|iPhone.ActiveCfg = iOS Release|iPhone
		{20C4B582-5A2D-4C7E-BD88-DE84709890F2}.iOS Release|iPhone.Build.0 = iOS Release|iPhone
		{20C4B582-5A2D-4C7E-BD88-DE84709890F2}.iOS Release|iPhoneSimulator.ActiveCfg = iOS Release|iPhoneSimulator
		{20C4B582-5A2D-4C7E-BD88-DE84709890F2}.iOS Release|iPhoneSimulator.Build.0 = iOS Release|iPhoneSimulator
		{20C4B582-5A2D-4C7E-BD88-DE84709890F2}.iOS Release|x64.ActiveCfg = iOS Release|iPhone
		{20C4B582-5A2D-4C7E-BD88-DE84709890F2}.iOS Release|x86.ActiveCfg = iOS Release|iPhone
		{20C4B582-5A2D-4C7E-BD88-DE84709890F2}.Release|Any CPU.ActiveCfg = Release|iPhone
		{20C4B582-5A2D-4C7E-BD88-DE84709890F2}.Release|ARM.ActiveCfg = Release|iPhone
		{20C4B582-5A2D-4C7E-BD88-DE84709890F2}.Release|iPhone.ActiveCfg = Release|iPhone
		{20C4B582-5A2D-4C7E-BD88-DE84709890F2}.Release|iPhone.Build.0 = Release|iPhone
		{20C4B582-5A2D-4C7E-BD88-DE84709890F2}.Release|iPhoneSimulator.ActiveCfg = iOS Release|iPhoneSimulator
		{20C4B582-5A2D-4C7E-BD88-DE84709890F2}.Release|iPhoneSimulator.Build.0 = iOS Release|iPhoneSimulator
		{20C4B582-5A2D-4C7E-BD88-DE84709890F2}.Release|x64.ActiveCfg = Release|iPhone
		{20C4B582-5A2D-4C7E-BD88-DE84709890F2}.Release|x86.ActiveCfg = Release|iPhone
		{D4B5682B-3369-44D8-8063-C84C1AFC05E6}.Debug|Any CPU.ActiveCfg = Debug|x86
		{D4B5682B-3369-44D8-8063-C84C1AFC05E6}.Debug|ARM.ActiveCfg = Debug|ARM
		{D4B5682B-3369-44D8-8063-C84C1AFC05E6}.Debug|ARM.Build.0 = Debug|ARM
		{D4B5682B-3369-44D8-8063-C84C1AFC05E6}.Debug|ARM.Deploy.0 = Debug|ARM
		{D4B5682B-3369-44D8-8063-C84C1AFC05E6}.Debug|iPhone.ActiveCfg = Debug|x86
		{D4B5682B-3369-44D8-8063-C84C1AFC05E6}.Debug|iPhoneSimulator.ActiveCfg = Debug|x86
		{D4B5682B-3369-44D8-8063-C84C1AFC05E6}.Debug|x64.ActiveCfg = Debug|x64
		{D4B5682B-3369-44D8-8063-C84C1AFC05E6}.Debug|x64.Build.0 = Debug|x64
		{D4B5682B-3369-44D8-8063-C84C1AFC05E6}.Debug|x64.Deploy.0 = Debug|x64
		{D4B5682B-3369-44D8-8063-C84C1AFC05E6}.Debug|x86.ActiveCfg = Debug|x86
		{D4B5682B-3369-44D8-8063-C84C1AFC05E6}.Debug|x86.Build.0 = Debug|x86
		{D4B5682B-3369-44D8-8063-C84C1AFC05E6}.Debug|x86.Deploy.0 = Debug|x86
		{D4B5682B-3369-44D8-8063-C84C1AFC05E6}.iOS Release|Any CPU.ActiveCfg = iOS Release|x86
		{D4B5682B-3369-44D8-8063-C84C1AFC05E6}.iOS Release|ARM.ActiveCfg = iOS Release|ARM
		{D4B5682B-3369-44D8-8063-C84C1AFC05E6}.iOS Release|ARM.Deploy.0 = iOS Release|ARM
		{D4B5682B-3369-44D8-8063-C84C1AFC05E6}.iOS Release|iPhone.ActiveCfg = iOS Release|x86
		{D4B5682B-3369-44D8-8063-C84C1AFC05E6}.iOS Release|iPhoneSimulator.ActiveCfg = iOS Release|x86
		{D4B5682B-3369-44D8-8063-C84C1AFC05E6}.iOS Release|x64.ActiveCfg = iOS Release|x64
		{D4B5682B-3369-44D8-8063-C84C1AFC05E6}.iOS Release|x64.Deploy.0 = iOS Release|x64
		{D4B5682B-3369-44D8-8063-C84C1AFC05E6}.iOS Release|x86.ActiveCfg = iOS Release|x86
		{D4B5682B-3369-44D8-8063-C84C1AFC05E6}.iOS Release|x86.Deploy.0 = iOS Release|x86
		{D4B5682B-3369-44D8-8063-C84C1AFC05E6}.Release|Any CPU.ActiveCfg = Release|x86
		{D4B5682B-3369-44D8-8063-C84C1AFC05E6}.Release|ARM.ActiveCfg = Release|ARM
		{D4B5682B-3369-44D8-8063-C84C1AFC05E6}.Release|ARM.Build.0 = Release|ARM
		{D4B5682B-3369-44D8-8063-C84C1AFC05E6}.Release|ARM.Deploy.0 = Release|ARM
		{D4B5682B-3369-44D8-8063-C84C1AFC05E6}.Release|iPhone.ActiveCfg = Release|x86
		{D4B5682B-3369-44D8-8063-C84C1AFC05E6}.Release|iPhoneSimulator.ActiveCfg = Release|x86
		{D4B5682B-3369-44D8-8063-C84C1AFC05E6}.Release|iPhoneSimulator.Build.0 = Release|x86
		{D4B5682B-3369-44D8-8063-C84C1AFC05E6}.Release|iPhoneSimulator.Deploy.0 = Release|x86
		{D4B5682B-3369-44D8-8063-C84C1AFC05E6}.Release|x64.ActiveCfg = Release|x64
		{D4B5682B-3369-44D8-8063-C84C1AFC05E6}.Release|x64.Build.0 = Release|x64
		{D4B5682B-3369-44D8-8063-C84C1AFC05E6}.Release|x64.Deploy.0 = Release|x64
		{D4B5682B-3369-44D8-8063-C84C1AFC05E6}.Release|x86.ActiveCfg = Release|x86
		{D4B5682B-3369-44D8-8063-C84C1AFC05E6}.Release|x86.Build.0 = Release|x86
		{D4B5682B-3369-44D8-8063-C84C1AFC05E6}.Release|x86.Deploy.0 = Release|x86
		{90C80183-A6D6-4425-B64E-95590E47BA63}.Debug|Any CPU.ActiveCfg = Debug|Any CPU
		{90C80183-A6D6-4425-B64E-95590E47BA63}.Debug|Any CPU.Build.0 = Debug|Any CPU
		{90C80183-A6D6-4425-B64E-95590E47BA63}.Debug|ARM.ActiveCfg = Debug|Any CPU
		{90C80183-A6D6-4425-B64E-95590E47BA63}.Debug|ARM.Build.0 = Debug|Any CPU
		{90C80183-A6D6-4425-B64E-95590E47BA63}.Debug|iPhone.ActiveCfg = Debug|Any CPU
		{90C80183-A6D6-4425-B64E-95590E47BA63}.Debug|iPhone.Build.0 = Debug|Any CPU
		{90C80183-A6D6-4425-B64E-95590E47BA63}.Debug|iPhoneSimulator.ActiveCfg = Debug|Any CPU
		{90C80183-A6D6-4425-B64E-95590E47BA63}.Debug|iPhoneSimulator.Build.0 = Debug|Any CPU
		{90C80183-A6D6-4425-B64E-95590E47BA63}.Debug|x64.ActiveCfg = Debug|Any CPU
		{90C80183-A6D6-4425-B64E-95590E47BA63}.Debug|x64.Build.0 = Debug|Any CPU
		{90C80183-A6D6-4425-B64E-95590E47BA63}.Debug|x86.ActiveCfg = Debug|Any CPU
		{90C80183-A6D6-4425-B64E-95590E47BA63}.Debug|x86.Build.0 = Debug|Any CPU
		{90C80183-A6D6-4425-B64E-95590E47BA63}.iOS Release|Any CPU.ActiveCfg = iOS Release|Any CPU
		{90C80183-A6D6-4425-B64E-95590E47BA63}.iOS Release|Any CPU.Build.0 = iOS Release|Any CPU
		{90C80183-A6D6-4425-B64E-95590E47BA63}.iOS Release|ARM.ActiveCfg = iOS Release|Any CPU
		{90C80183-A6D6-4425-B64E-95590E47BA63}.iOS Release|ARM.Build.0 = iOS Release|Any CPU
		{90C80183-A6D6-4425-B64E-95590E47BA63}.iOS Release|iPhone.ActiveCfg = iOS Release|Any CPU
		{90C80183-A6D6-4425-B64E-95590E47BA63}.iOS Release|iPhone.Build.0 = iOS Release|Any CPU
		{90C80183-A6D6-4425-B64E-95590E47BA63}.iOS Release|iPhoneSimulator.ActiveCfg = iOS Release|Any CPU
		{90C80183-A6D6-4425-B64E-95590E47BA63}.iOS Release|iPhoneSimulator.Build.0 = iOS Release|Any CPU
		{90C80183-A6D6-4425-B64E-95590E47BA63}.iOS Release|x64.ActiveCfg = iOS Release|Any CPU
		{90C80183-A6D6-4425-B64E-95590E47BA63}.iOS Release|x64.Build.0 = iOS Release|Any CPU
		{90C80183-A6D6-4425-B64E-95590E47BA63}.iOS Release|x86.ActiveCfg = iOS Release|Any CPU
		{90C80183-A6D6-4425-B64E-95590E47BA63}.iOS Release|x86.Build.0 = iOS Release|Any CPU
		{90C80183-A6D6-4425-B64E-95590E47BA63}.Release|Any CPU.ActiveCfg = Release|Any CPU
		{90C80183-A6D6-4425-B64E-95590E47BA63}.Release|Any CPU.Build.0 = Release|Any CPU
		{90C80183-A6D6-4425-B64E-95590E47BA63}.Release|ARM.ActiveCfg = Release|Any CPU
		{90C80183-A6D6-4425-B64E-95590E47BA63}.Release|ARM.Build.0 = Release|Any CPU
		{90C80183-A6D6-4425-B64E-95590E47BA63}.Release|iPhone.ActiveCfg = Release|Any CPU
		{90C80183-A6D6-4425-B64E-95590E47BA63}.Release|iPhone.Build.0 = Release|Any CPU
		{90C80183-A6D6-4425-B64E-95590E47BA63}.Release|iPhoneSimulator.ActiveCfg = Release|Any CPU
		{90C80183-A6D6-4425-B64E-95590E47BA63}.Release|iPhoneSimulator.Build.0 = Release|Any CPU
		{90C80183-A6D6-4425-B64E-95590E47BA63}.Release|x64.ActiveCfg = Release|Any CPU
		{90C80183-A6D6-4425-B64E-95590E47BA63}.Release|x64.Build.0 = Release|Any CPU
		{90C80183-A6D6-4425-B64E-95590E47BA63}.Release|x86.ActiveCfg = Release|Any CPU
		{90C80183-A6D6-4425-B64E-95590E47BA63}.Release|x86.Build.0 = Release|Any CPU
		{F58D75E4-BD66-4BF1-A1DE-2B1F8D21B46D}.Debug|Any CPU.ActiveCfg = Debug|Any CPU
		{F58D75E4-BD66-4BF1-A1DE-2B1F8D21B46D}.Debug|Any CPU.Build.0 = Debug|Any CPU
		{F58D75E4-BD66-4BF1-A1DE-2B1F8D21B46D}.Debug|ARM.ActiveCfg = Debug|Any CPU
		{F58D75E4-BD66-4BF1-A1DE-2B1F8D21B46D}.Debug|ARM.Build.0 = Debug|Any CPU
		{F58D75E4-BD66-4BF1-A1DE-2B1F8D21B46D}.Debug|iPhone.ActiveCfg = Debug|Any CPU
		{F58D75E4-BD66-4BF1-A1DE-2B1F8D21B46D}.Debug|iPhone.Build.0 = Debug|Any CPU
		{F58D75E4-BD66-4BF1-A1DE-2B1F8D21B46D}.Debug|iPhoneSimulator.ActiveCfg = Debug|Any CPU
		{F58D75E4-BD66-4BF1-A1DE-2B1F8D21B46D}.Debug|iPhoneSimulator.Build.0 = Debug|Any CPU
		{F58D75E4-BD66-4BF1-A1DE-2B1F8D21B46D}.Debug|x64.ActiveCfg = Debug|Any CPU
		{F58D75E4-BD66-4BF1-A1DE-2B1F8D21B46D}.Debug|x64.Build.0 = Debug|Any CPU
		{F58D75E4-BD66-4BF1-A1DE-2B1F8D21B46D}.Debug|x86.ActiveCfg = Debug|Any CPU
		{F58D75E4-BD66-4BF1-A1DE-2B1F8D21B46D}.Debug|x86.Build.0 = Debug|Any CPU
		{F58D75E4-BD66-4BF1-A1DE-2B1F8D21B46D}.iOS Release|Any CPU.ActiveCfg = iOS Release|Any CPU
		{F58D75E4-BD66-4BF1-A1DE-2B1F8D21B46D}.iOS Release|Any CPU.Build.0 = iOS Release|Any CPU
		{F58D75E4-BD66-4BF1-A1DE-2B1F8D21B46D}.iOS Release|ARM.ActiveCfg = iOS Release|Any CPU
		{F58D75E4-BD66-4BF1-A1DE-2B1F8D21B46D}.iOS Release|ARM.Build.0 = iOS Release|Any CPU
		{F58D75E4-BD66-4BF1-A1DE-2B1F8D21B46D}.iOS Release|iPhone.ActiveCfg = iOS Release|Any CPU
		{F58D75E4-BD66-4BF1-A1DE-2B1F8D21B46D}.iOS Release|iPhone.Build.0 = iOS Release|Any CPU
		{F58D75E4-BD66-4BF1-A1DE-2B1F8D21B46D}.iOS Release|iPhoneSimulator.ActiveCfg = iOS Release|Any CPU
		{F58D75E4-BD66-4BF1-A1DE-2B1F8D21B46D}.iOS Release|x64.ActiveCfg = iOS Release|Any CPU
		{F58D75E4-BD66-4BF1-A1DE-2B1F8D21B46D}.iOS Release|x64.Build.0 = iOS Release|Any CPU
		{F58D75E4-BD66-4BF1-A1DE-2B1F8D21B46D}.iOS Release|x86.ActiveCfg = iOS Release|Any CPU
		{F58D75E4-BD66-4BF1-A1DE-2B1F8D21B46D}.iOS Release|x86.Build.0 = iOS Release|Any CPU
		{F58D75E4-BD66-4BF1-A1DE-2B1F8D21B46D}.Release|Any CPU.ActiveCfg = Release|Any CPU
		{F58D75E4-BD66-4BF1-A1DE-2B1F8D21B46D}.Release|Any CPU.Build.0 = Release|Any CPU
		{F58D75E4-BD66-4BF1-A1DE-2B1F8D21B46D}.Release|ARM.ActiveCfg = Release|Any CPU
		{F58D75E4-BD66-4BF1-A1DE-2B1F8D21B46D}.Release|ARM.Build.0 = Release|Any CPU
		{F58D75E4-BD66-4BF1-A1DE-2B1F8D21B46D}.Release|iPhone.ActiveCfg = Release|Any CPU
		{F58D75E4-BD66-4BF1-A1DE-2B1F8D21B46D}.Release|iPhone.Build.0 = Release|Any CPU
		{F58D75E4-BD66-4BF1-A1DE-2B1F8D21B46D}.Release|iPhoneSimulator.ActiveCfg = Release|Any CPU
		{F58D75E4-BD66-4BF1-A1DE-2B1F8D21B46D}.Release|iPhoneSimulator.Build.0 = Release|Any CPU
		{F58D75E4-BD66-4BF1-A1DE-2B1F8D21B46D}.Release|x64.ActiveCfg = Release|Any CPU
		{F58D75E4-BD66-4BF1-A1DE-2B1F8D21B46D}.Release|x64.Build.0 = Release|Any CPU
		{F58D75E4-BD66-4BF1-A1DE-2B1F8D21B46D}.Release|x86.ActiveCfg = Release|Any CPU
		{F58D75E4-BD66-4BF1-A1DE-2B1F8D21B46D}.Release|x86.Build.0 = Release|Any CPU
	EndGlobalSection
	GlobalSection(SolutionProperties) = preSolution
		HideSolutionNode = FALSE
	EndGlobalSection
	GlobalSection(NestedProjects) = preSolution
		{AC7831EE-307D-4496-AE84-48558A0C6013} = {28E51AB4-F729-4CFF-9A07-99E8D1B9CEB9}
		{20C4B582-5A2D-4C7E-BD88-DE84709890F2} = {28E51AB4-F729-4CFF-9A07-99E8D1B9CEB9}
		{D4B5682B-3369-44D8-8063-C84C1AFC05E6} = {28E51AB4-F729-4CFF-9A07-99E8D1B9CEB9}
		{90C80183-A6D6-4425-B64E-95590E47BA63} = {28E51AB4-F729-4CFF-9A07-99E8D1B9CEB9}
		{F58D75E4-BD66-4BF1-A1DE-2B1F8D21B46D} = {04CC59B4-9203-48F6-BF86-A595587C8D7E}
	EndGlobalSection
EndGlobal
